// !$*UTF8*$!
{
	archiveVersion = 1;
	classes = {
	};
	objectVersion = 50;
	objects = {

/* Begin PBXBuildFile section */
		461B9FB424E584980098350D /* PokeInfo.swift in Sources */ = {isa = PBXBuildFile; fileRef = 461B9FB324E584970098350D /* PokeInfo.swift */; };
		464483EB24D339300088E3C9 /* pokemon.png in Resources */ = {isa = PBXBuildFile; fileRef = 464483EA24D339300088E3C9 /* pokemon.png */; };
		464483ED24D33D380088E3C9 /* HabilidadesViewController.swift in Sources */ = {isa = PBXBuildFile; fileRef = 464483EC24D33D380088E3C9 /* HabilidadesViewController.swift */; };
		464483EF24D36AC10088E3C9 /* DetalhesViewController.swift in Sources */ = {isa = PBXBuildFile; fileRef = 464483EE24D36AC10088E3C9 /* DetalhesViewController.swift */; };
		465AA16E24BD207B000A0B27 /* 5.png in Resources */ = {isa = PBXBuildFile; fileRef = 465AA16524BD207B000A0B27 /* 5.png */; };
		465AA16F24BD207B000A0B27 /* 6.png in Resources */ = {isa = PBXBuildFile; fileRef = 465AA16624BD207B000A0B27 /* 6.png */; };
		465AA17024BD207B000A0B27 /* 8.png in Resources */ = {isa = PBXBuildFile; fileRef = 465AA16724BD207B000A0B27 /* 8.png */; };
		465AA17124BD207B000A0B27 /* 4.png in Resources */ = {isa = PBXBuildFile; fileRef = 465AA16824BD207B000A0B27 /* 4.png */; };
		465AA17224BD207B000A0B27 /* 7.png in Resources */ = {isa = PBXBuildFile; fileRef = 465AA16924BD207B000A0B27 /* 7.png */; };
		465AA17324BD207B000A0B27 /* 3.png in Resources */ = {isa = PBXBuildFile; fileRef = 465AA16A24BD207B000A0B27 /* 3.png */; };
		465AA17424BD207B000A0B27 /* 9.png in Resources */ = {isa = PBXBuildFile; fileRef = 465AA16B24BD207B000A0B27 /* 9.png */; };
		465AA17524BD207B000A0B27 /* 1.png in Resources */ = {isa = PBXBuildFile; fileRef = 465AA16C24BD207B000A0B27 /* 1.png */; };
		465AA17624BD207B000A0B27 /* 2.png in Resources */ = {isa = PBXBuildFile; fileRef = 465AA16D24BD207B000A0B27 /* 2.png */; };
		4673482624BD10DD007E69BD /* Pokemon.swift in Sources */ = {isa = PBXBuildFile; fileRef = 4673482524BD10DD007E69BD /* Pokemon.swift */; };
		4673482924BD11CC007E69BD /* PokeDAO.swift in Sources */ = {isa = PBXBuildFile; fileRef = 4673482824BD11CC007E69BD /* PokeDAO.swift */; };
		46F95FD824BCE453004CE522 /* AppDelegate.swift in Sources */ = {isa = PBXBuildFile; fileRef = 46F95FD724BCE453004CE522 /* AppDelegate.swift */; };
		46F95FDA24BCE453004CE522 /* SceneDelegate.swift in Sources */ = {isa = PBXBuildFile; fileRef = 46F95FD924BCE453004CE522 /* SceneDelegate.swift */; };
		46F95FDF24BCE453004CE522 /* Main.storyboard in Resources */ = {isa = PBXBuildFile; fileRef = 46F95FDD24BCE453004CE522 /* Main.storyboard */; };
		46F95FE124BCE453004CE522 /* Assets.xcassets in Resources */ = {isa = PBXBuildFile; fileRef = 46F95FE024BCE453004CE522 /* Assets.xcassets */; };
		46F95FE424BCE453004CE522 /* LaunchScreen.storyboard in Resources */ = {isa = PBXBuildFile; fileRef = 46F95FE224BCE453004CE522 /* LaunchScreen.storyboard */; };
		46F95FEC24BCE49B004CE522 /* HomeViewController.swift in Sources */ = {isa = PBXBuildFile; fileRef = 46F95FEB24BCE49B004CE522 /* HomeViewController.swift */; };
		46F95FEE24BCE8DC004CE522 /* PokeCollectionViewCell.swift in Sources */ = {isa = PBXBuildFile; fileRef = 46F95FED24BCE8DC004CE522 /* PokeCollectionViewCell.swift */; };
/* End PBXBuildFile section */

/* Begin PBXFileReference section */
		461B9FB324E584970098350D /* PokeInfo.swift */ = {isa = PBXFileReference; lastKnownFileType = sourcecode.swift; path = PokeInfo.swift; sourceTree = "<group>"; };
		464483EA24D339300088E3C9 /* pokemon.png */ = {isa = PBXFileReference; lastKnownFileType = image.png; path = pokemon.png; sourceTree = "<group>"; };
		464483EC24D33D380088E3C9 /* HabilidadesViewController.swift */ = {isa = PBXFileReference; lastKnownFileType = sourcecode.swift; path = HabilidadesViewController.swift; sourceTree = "<group>"; };
		464483EE24D36AC10088E3C9 /* DetalhesViewController.swift */ = {isa = PBXFileReference; lastKnownFileType = sourcecode.swift; path = DetalhesViewController.swift; sourceTree = "<group>"; };
		465AA16524BD207B000A0B27 /* 5.png */ = {isa = PBXFileReference; lastKnownFileType = image.png; path = 5.png; sourceTree = "<group>"; };
		465AA16624BD207B000A0B27 /* 6.png */ = {isa = PBXFileReference; lastKnownFileType = image.png; path = 6.png; sourceTree = "<group>"; };
		465AA16724BD207B000A0B27 /* 8.png */ = {isa = PBXFileReference; lastKnownFileType = image.png; path = 8.png; sourceTree = "<group>"; };
		465AA16824BD207B000A0B27 /* 4.png */ = {isa = PBXFileReference; lastKnownFileType = image.png; path = 4.png; sourceTree = "<group>"; };
		465AA16924BD207B000A0B27 /* 7.png */ = {isa = PBXFileReference; lastKnownFileType = image.png; path = 7.png; sourceTree = "<group>"; };
		465AA16A24BD207B000A0B27 /* 3.png */ = {isa = PBXFileReference; lastKnownFileType = image.png; path = 3.png; sourceTree = "<group>"; };
		465AA16B24BD207B000A0B27 /* 9.png */ = {isa = PBXFileReference; lastKnownFileType = image.png; path = 9.png; sourceTree = "<group>"; };
		465AA16C24BD207B000A0B27 /* 1.png */ = {isa = PBXFileReference; lastKnownFileType = image.png; path = 1.png; sourceTree = "<group>"; };
		465AA16D24BD207B000A0B27 /* 2.png */ = {isa = PBXFileReference; lastKnownFileType = image.png; path = 2.png; sourceTree = "<group>"; };
		4673482524BD10DD007E69BD /* Pokemon.swift */ = {isa = PBXFileReference; lastKnownFileType = sourcecode.swift; path = Pokemon.swift; sourceTree = "<group>"; };
		4673482824BD11CC007E69BD /* PokeDAO.swift */ = {isa = PBXFileReference; lastKnownFileType = sourcecode.swift; path = PokeDAO.swift; sourceTree = "<group>"; };
		46F95FD424BCE453004CE522 /* pokedex.app */ = {isa = PBXFileReference; explicitFileType = wrapper.application; includeInIndex = 0; path = pokedex.app; sourceTree = BUILT_PRODUCTS_DIR; };
		46F95FD724BCE453004CE522 /* AppDelegate.swift */ = {isa = PBXFileReference; lastKnownFileType = sourcecode.swift; path = AppDelegate.swift; sourceTree = "<group>"; };
		46F95FD924BCE453004CE522 /* SceneDelegate.swift */ = {isa = PBXFileReference; lastKnownFileType = sourcecode.swift; path = SceneDelegate.swift; sourceTree = "<group>"; };
		46F95FDE24BCE453004CE522 /* Base */ = {isa = PBXFileReference; lastKnownFileType = file.storyboard; name = Base; path = Base.lproj/Main.storyboard; sourceTree = "<group>"; };
		46F95FE024BCE453004CE522 /* Assets.xcassets */ = {isa = PBXFileReference; lastKnownFileType = folder.assetcatalog; path = Assets.xcassets; sourceTree = "<group>"; };
		46F95FE324BCE453004CE522 /* Base */ = {isa = PBXFileReference; lastKnownFileType = file.storyboard; name = Base; path = Base.lproj/LaunchScreen.storyboard; sourceTree = "<group>"; };
		46F95FE524BCE453004CE522 /* Info.plist */ = {isa = PBXFileReference; lastKnownFileType = text.plist.xml; path = Info.plist; sourceTree = "<group>"; };
		46F95FEB24BCE49B004CE522 /* HomeViewController.swift */ = {isa = PBXFileReference; lastKnownFileType = sourcecode.swift; path = HomeViewController.swift; sourceTree = "<group>"; };
		46F95FED24BCE8DC004CE522 /* PokeCollectionViewCell.swift */ = {isa = PBXFileReference; lastKnownFileType = sourcecode.swift; path = PokeCollectionViewCell.swift; sourceTree = "<group>"; };
/* End PBXFileReference section */

/* Begin PBXFrameworksBuildPhase section */
		46F95FD124BCE453004CE522 /* Frameworks */ = {
			isa = PBXFrameworksBuildPhase;
			buildActionMask = 2147483647;
			files = (
			);
			runOnlyForDeploymentPostprocessing = 0;
		};
/* End PBXFrameworksBuildPhase section */

/* Begin PBXGroup section */
		4673481F24BD0E4B007E69BD /* Model */ = {
			isa = PBXGroup;
			children = (
				4673482524BD10DD007E69BD /* Pokemon.swift */,
			);
			path = Model;
			sourceTree = "<group>";
		};
		4673482124BD0E5C007E69BD /* Controller */ = {
			isa = PBXGroup;
			children = (
				46F95FEB24BCE49B004CE522 /* HomeViewController.swift */,
				464483EC24D33D380088E3C9 /* HabilidadesViewController.swift */,
				464483EE24D36AC10088E3C9 /* DetalhesViewController.swift */,
			);
			path = Controller;
			sourceTree = "<group>";
		};
		4673482224BD0E66007E69BD /* View */ = {
			isa = PBXGroup;
			children = (
				46F95FED24BCE8DC004CE522 /* PokeCollectionViewCell.swift */,
			);
			path = View;
			sourceTree = "<group>";
		};
		4673482724BD1171007E69BD /* DAO */ = {
			isa = PBXGroup;
			children = (
				4673482824BD11CC007E69BD /* PokeDAO.swift */,
				461B9FB324E584970098350D /* PokeInfo.swift */,
			);
			path = DAO;
			sourceTree = "<group>";
		};
		46F95FCB24BCE453004CE522 = {
			isa = PBXGroup;
			children = (
				46F95FD624BCE453004CE522 /* pokedex */,
				46F95FD524BCE453004CE522 /* Products */,
				46F95FEF24BCF04B004CE522 /* asset */,
			);
			sourceTree = "<group>";
		};
		46F95FD524BCE453004CE522 /* Products */ = {
			isa = PBXGroup;
			children = (
				46F95FD424BCE453004CE522 /* pokedex.app */,
			);
			name = Products;
			sourceTree = "<group>";
		};
		46F95FD624BCE453004CE522 /* pokedex */ = {
			isa = PBXGroup;
			children = (
				46F95FD724BCE453004CE522 /* AppDelegate.swift */,
				46F95FD924BCE453004CE522 /* SceneDelegate.swift */,
				4673481F24BD0E4B007E69BD /* Model */,
				4673482224BD0E66007E69BD /* View */,
				4673482124BD0E5C007E69BD /* Controller */,
				4673482724BD1171007E69BD /* DAO */,
				46F95FDD24BCE453004CE522 /* Main.storyboard */,
				46F95FE024BCE453004CE522 /* Assets.xcassets */,
				46F95FE224BCE453004CE522 /* LaunchScreen.storyboard */,
				46F95FE524BCE453004CE522 /* Info.plist */,
			);
			path = pokedex;
			sourceTree = "<group>";
		};
		46F95FEF24BCF04B004CE522 /* asset */ = {
			isa = PBXGroup;
			children = (
				464483EA24D339300088E3C9 /* pokemon.png */,
				465AA16C24BD207B000A0B27 /* 1.png */,
				465AA16D24BD207B000A0B27 /* 2.png */,
				465AA16A24BD207B000A0B27 /* 3.png */,
				465AA16824BD207B000A0B27 /* 4.png */,
				465AA16524BD207B000A0B27 /* 5.png */,
				465AA16624BD207B000A0B27 /* 6.png */,
				465AA16924BD207B000A0B27 /* 7.png */,
				465AA16724BD207B000A0B27 /* 8.png */,
				465AA16B24BD207B000A0B27 /* 9.png */,
			);
			path = asset;
			sourceTree = "<group>";
		};
/* End PBXGroup section */

/* Begin PBXNativeTarget section */
		46F95FD324BCE453004CE522 /* pokedex */ = {
			isa = PBXNativeTarget;
			buildConfigurationList = 46F95FE824BCE453004CE522 /* Build configuration list for PBXNativeTarget "pokedex" */;
			buildPhases = (
				46F95FD024BCE453004CE522 /* Sources */,
				46F95FD124BCE453004CE522 /* Frameworks */,
				46F95FD224BCE453004CE522 /* Resources */,
			);
			buildRules = (
			);
			dependencies = (
			);
			name = pokedex;
			productName = pokedex;
			productReference = 46F95FD424BCE453004CE522 /* pokedex.app */;
			productType = "com.apple.product-type.application";
		};
/* End PBXNativeTarget section */

/* Begin PBXProject section */
		46F95FCC24BCE453004CE522 /* Project object */ = {
			isa = PBXProject;
			attributes = {
				LastSwiftUpdateCheck = 1150;
				LastUpgradeCheck = 1150;
				ORGANIZATIONNAME = "Jean Macena";
				TargetAttributes = {
					46F95FD324BCE453004CE522 = {
						CreatedOnToolsVersion = 11.5;
					};
				};
			};
			buildConfigurationList = 46F95FCF24BCE453004CE522 /* Build configuration list for PBXProject "pokedex" */;
			compatibilityVersion = "Xcode 9.3";
			developmentRegion = en;
			hasScannedForEncodings = 0;
			knownRegions = (
				en,
				Base,
			);
			mainGroup = 46F95FCB24BCE453004CE522;
			productRefGroup = 46F95FD524BCE453004CE522 /* Products */;
			projectDirPath = "";
			projectRoot = "";
			targets = (
				46F95FD324BCE453004CE522 /* pokedex */,
			);
		};
/* End PBXProject section */

/* Begin PBXResourcesBuildPhase section */
		46F95FD224BCE453004CE522 /* Resources */ = {
			isa = PBXResourcesBuildPhase;
			buildActionMask = 2147483647;
			files = (
				465AA17524BD207B000A0B27 /* 1.png in Resources */,
				465AA17024BD207B000A0B27 /* 8.png in Resources */,
				465AA17124BD207B000A0B27 /* 4.png in Resources */,
				46F95FE424BCE453004CE522 /* LaunchScreen.storyboard in Resources */,
				465AA17424BD207B000A0B27 /* 9.png in Resources */,
				464483EB24D339300088E3C9 /* pokemon.png in Resources */,
				465AA17324BD207B000A0B27 /* 3.png in Resources */,
				465AA17624BD207B000A0B27 /* 2.png in Resources */,
				465AA16E24BD207B000A0B27 /* 5.png in Resources */,
				46F95FE124BCE453004CE522 /* Assets.xcassets in Resources */,
				46F95FDF24BCE453004CE522 /* Main.storyboard in Resources */,
				465AA16F24BD207B000A0B27 /* 6.png in Resources */,
				465AA17224BD207B000A0B27 /* 7.png in Resources */,
			);
			runOnlyForDeploymentPostprocessing = 0;
		};
/* End PBXResourcesBuildPhase section */

/* Begin PBXSourcesBuildPhase section */
		46F95FD024BCE453004CE522 /* Sources */ = {
			isa = PBXSourcesBuildPhase;
			buildActionMask = 2147483647;
			files = (
				464483EF24D36AC10088E3C9 /* DetalhesViewController.swift in Sources */,
				464483ED24D33D380088E3C9 /* HabilidadesViewController.swift in Sources */,
				4673482624BD10DD007E69BD /* Pokemon.swift in Sources */,
				46F95FD824BCE453004CE522 /* AppDelegate.swift in Sources */,
				46F95FEE24BCE8DC004CE522 /* PokeCollectionViewCell.swift in Sources */,
				4673482924BD11CC007E69BD /* PokeDAO.swift in Sources */,
				461B9FB424E584980098350D /* PokeInfo.swift in Sources */,
				46F95FDA24BCE453004CE522 /* SceneDelegate.swift in Sources */,
				46F95FEC24BCE49B004CE522 /* HomeViewController.swift in Sources */,
			);
			runOnlyForDeploymentPostprocessing = 0;
		};
/* End PBXSourcesBuildPhase section */

/* Begin PBXVariantGroup section */
		46F95FDD24BCE453004CE522 /* Main.storyboard */ = {
			isa = PBXVariantGroup;
			children = (
				46F95FDE24BCE453004CE522 /* Base */,
			);
			name = Main.storyboard;
			sourceTree = "<group>";
		};
		46F95FE224BCE453004CE522 /* LaunchScreen.storyboard */ = {
			isa = PBXVariantGroup;
			children = (
				46F95FE324BCE453004CE522 /* Base */,
			);
			name = LaunchScreen.storyboard;
			sourceTree = "<group>";
		};
/* End PBXVariantGroup section */

/* Begin XCBuildConfiguration section */
		46F95FE624BCE453004CE522 /* Debug */ = {
			isa = XCBuildConfiguration;
			buildSettings = {
				ALWAYS_SEARCH_USER_PATHS = NO;
				CLANG_ANALYZER_NONNULL = YES;
				CLANG_ANALYZER_NUMBER_OBJECT_CONVERSION = YES_AGGRESSIVE;
				CLANG_CXX_LANGUAGE_STANDARD = "gnu++14";
				CLANG_CXX_LIBRARY = "libc++";
				CLANG_ENABLE_MODULES = YES;
				CLANG_ENABLE_OBJC_ARC = YES;
				CLANG_ENABLE_OBJC_WEAK = YES;
				CLANG_WARN_BLOCK_CAPTURE_AUTORELEASING = YES;
				CLANG_WARN_BOOL_CONVERSION = YES;
				CLANG_WARN_COMMA = YES;
				CLANG_WARN_CONSTANT_CONVERSION = YES;
				CLANG_WARN_DEPRECATED_OBJC_IMPLEMENTATIONS = YES;
				CLANG_WARN_DIRECT_OBJC_ISA_USAGE = YES_ERROR;
				CLANG_WARN_DOCUMENTATION_COMMENTS = YES;
				CLANG_WARN_EMPTY_BODY = YES;
				CLANG_WARN_ENUM_CONVERSION = YES;
				CLANG_WARN_INFINITE_RECURSION = YES;
				CLANG_WARN_INT_CONVERSION = YES;
				CLANG_WARN_NON_LITERAL_NULL_CONVERSION = YES;
				CLANG_WARN_OBJC_IMPLICIT_RETAIN_SELF = YES;
				CLANG_WARN_OBJC_LITERAL_CONVERSION = YES;
				CLANG_WARN_OBJC_ROOT_CLASS = YES_ERROR;
				CLANG_WARN_RANGE_LOOP_ANALYSIS = YES;
				CLANG_WARN_STRICT_PROTOTYPES = YES;
				CLANG_WARN_SUSPICIOUS_MOVE = YES;
				CLANG_WARN_UNGUARDED_AVAILABILITY = YES_AGGRESSIVE;
				CLANG_WARN_UNREACHABLE_CODE = YES;
				CLANG_WARN__DUPLICATE_METHOD_MATCH = YES;
				COPY_PHASE_STRIP = NO;
				DEBUG_INFORMATION_FORMAT = dwarf;
				ENABLE_STRICT_OBJC_MSGSEND = YES;
				ENABLE_TESTABILITY = YES;
				GCC_C_LANGUAGE_STANDARD = gnu11;
				GCC_DYNAMIC_NO_PIC = NO;
				GCC_NO_COMMON_BLOCKS = YES;
				GCC_OPTIMIZATION_LEVEL = 0;
				GCC_PREPROCESSOR_DEFINITIONS = (
					"DEBUG=1",
					"$(inherited)",
				);
				GCC_WARN_64_TO_32_BIT_CONVERSION = YES;
				GCC_WARN_ABOUT_RETURN_TYPE = YES_ERROR;
				GCC_WARN_UNDECLARED_SELECTOR = YES;
				GCC_WARN_UNINITIALIZED_AUTOS = YES_AGGRESSIVE;
				GCC_WARN_UNUSED_FUNCTION = YES;
				GCC_WARN_UNUSED_VARIABLE = YES;
				IPHONEOS_DEPLOYMENT_TARGET = 13.5;
				MTL_ENABLE_DEBUG_INFO = INCLUDE_SOURCE;
				MTL_FAST_MATH = YES;
				ONLY_ACTIVE_ARCH = YES;
				SDKROOT = iphoneos;
				SWIFT_ACTIVE_COMPILATION_CONDITIONS = DEBUG;
				SWIFT_OPTIMIZATION_LEVEL = "-Onone";
			};
			name = Debug;
		};
		46F95FE724BCE453004CE522 /* Release */ = {
			isa = XCBuildConfiguration;
			buildSettings = {
				ALWAYS_SEARCH_USER_PATHS = NO;
				CLANG_ANALYZER_NONNULL = YES;
				CLANG_ANALYZER_NUMBER_OBJECT_CONVERSION = YES_AGGRESSIVE;
				CLANG_CXX_LANGUAGE_STANDARD = "gnu++14";
				CLANG_CXX_LIBRARY = "libc++";
				CLANG_ENABLE_MODULES = YES;
				CLANG_ENABLE_OBJC_ARC = YES;
				CLANG_ENABLE_OBJC_WEAK = YES;
				CLANG_WARN_BLOCK_CAPTURE_AUTORELEASING = YES;
				CLANG_WARN_BOOL_CONVERSION = YES;
				CLANG_WARN_COMMA = YES;
				CLANG_WARN_CONSTANT_CONVERSION = YES;
				CLANG_WARN_DEPRECATED_OBJC_IMPLEMENTATIONS = YES;
				CLANG_WARN_DIRECT_OBJC_ISA_USAGE = YES_ERROR;
				CLANG_WARN_DOCUMENTATION_COMMENTS = YES;
				CLANG_WARN_EMPTY_BODY = YES;
				CLANG_WARN_ENUM_CONVERSION = YES;
				CLANG_WARN_INFINITE_RECURSION = YES;
				CLANG_WARN_INT_CONVERSION = YES;
				CLANG_WARN_NON_LITERAL_NULL_CONVERSION = YES;
				CLANG_WARN_OBJC_IMPLICIT_RETAIN_SELF = YES;
				CLANG_WARN_OBJC_LITERAL_CONVERSION = YES;
				CLANG_WARN_OBJC_ROOT_CLASS = YES_ERROR;
				CLANG_WARN_RANGE_LOOP_ANALYSIS = YES;
				CLANG_WARN_STRICT_PROTOTYPES = YES;
				CLANG_WARN_SUSPICIOUS_MOVE = YES;
				CLANG_WARN_UNGUARDED_AVAILABILITY = YES_AGGRESSIVE;
				CLANG_WARN_UNREACHABLE_CODE = YES;
				CLANG_WARN__DUPLICATE_METHOD_MATCH = YES;
				COPY_PHASE_STRIP = NO;
				DEBUG_INFORMATION_FORMAT = "dwarf-with-dsym";
				ENABLE_NS_ASSERTIONS = NO;
				ENABLE_STRICT_OBJC_MSGSEND = YES;
				GCC_C_LANGUAGE_STANDARD = gnu11;
				GCC_NO_COMMON_BLOCKS = YES;
				GCC_WARN_64_TO_32_BIT_CONVERSION = YES;
				GCC_WARN_ABOUT_RETURN_TYPE = YES_ERROR;
				GCC_WARN_UNDECLARED_SELECTOR = YES;
				GCC_WARN_UNINITIALIZED_AUTOS = YES_AGGRESSIVE;
				GCC_WARN_UNUSED_FUNCTION = YES;
				GCC_WARN_UNUSED_VARIABLE = YES;
				IPHONEOS_DEPLOYMENT_TARGET = 13.5;
				MTL_ENABLE_DEBUG_INFO = NO;
				MTL_FAST_MATH = YES;
				SDKROOT = iphoneos;
				SWIFT_COMPILATION_MODE = wholemodule;
				SWIFT_OPTIMIZATION_LEVEL = "-O";
				VALIDATE_PRODUCT = YES;
			};
			name = Release;
		};
		46F95FE924BCE453004CE522 /* Debug */ = {
			isa = XCBuildConfiguration;
			buildSettings = {
				ASSETCATALOG_COMPILER_APPICON_NAME = AppIcon;
				CODE_SIGN_STYLE = Automatic;
				INFOPLIST_FILE = pokedex/Info.plist;
				LD_RUNPATH_SEARCH_PATHS = (
					"$(inherited)",
					"@executable_path/Frameworks",
				);
				PRODUCT_BUNDLE_IDENTIFIER = com.macenajean.pokedex;
				PRODUCT_NAME = "$(TARGET_NAME)";
				SWIFT_VERSION = 5.0;
				TARGETED_DEVICE_FAMILY = "1,2";
			};
			name = Debug;
		};
		46F95FEA24BCE453004CE522 /* Release */ = {
			isa = XCBuildConfiguration;
			buildSettings = {
				ASSETCATALOG_COMPILER_APPICON_NAME = AppIcon;
				CODE_SIGN_STYLE = Automatic;
				INFOPLIST_FILE = pokedex/Info.plist;
				LD_RUNPATH_SEARCH_PATHS = (
					"$(inherited)",
					"@executable_path/Frameworks",
				);
				PRODUCT_BUNDLE_IDENTIFIER = com.macenajean.pokedex;
				PRODUCT_NAME = "$(TARGET_NAME)";
				SWIFT_VERSION = 5.0;
				TARGETED_DEVICE_FAMILY = "1,2";
			};
			name = Release;
		};
/* End XCBuildConfiguration section */

/* Begin XCConfigurationList section */
		46F95FCF24BCE453004CE522 /* Build configuration list for PBXProject "pokedex" */ = {
			isa = XCConfigurationList;
			buildConfigurations = (
				46F95FE624BCE453004CE522 /* Debug */,
				46F95FE724BCE453004CE522 /* Release */,
			);
			defaultConfigurationIsVisible = 0;
			defaultConfigurationName = Release;
		};
		46F95FE824BCE453004CE522 /* Build configuration list for PBXNativeTarget "pokedex" */ = {
			isa = XCConfigurationList;
			buildConfigurations = (
				46F95FE924BCE453004CE522 /* Debug */,
				46F95FEA24BCE453004CE522 /* Release */,
			);
			defaultConfigurationIsVisible = 0;
			defaultConfigurationName = Release;
		};
/* End XCConfigurationList section */
	};
	rootObject = 46F95FCC24BCE453004CE522 /* Project object */;
}
